{
  "name": "menu-shield-backend",
  "lockfileVersion": 3,
  "requires": true,
  "packages": {
    "": {
      "name": "menu-shield-backend",
      "dependencies": {
        "@prisma/client": "^5.15.0",
        "cors": "^2.8.5",
        "express": "^5.1.0",
        "jsonwebtoken": "^9.0.2",
        "bcryptjs": "^2.4.3",
        "dotenv": "^16.4.5"
      },
      "devDependencies": {
        "prisma": "^5.15.0"
      }
    }
  }
}
